
Microsoft Visual Studio Solution File, Format Version 12.00
# Visual Studio Version 16
VisualStudioVersion = 16.0.30320.27
MinimumVisualStudioVersion = 10.0.40219.1
Project("{FAE04EC0-301F-11D3-BF4B-00C04F79EFBC}") = "CoolClosetAngularFE", "CoolClosetAngularFE\CoolClosetAngularFE.csproj", "{DDB612A9-FCFA-4A68-8A50-DFF338CA4121}"
EndProject
Global
	GlobalSection(SolutionConfigurationPlatforms) = preSolution
		Debug|Any CPU = Debug|Any CPU
		Release|Any CPU = Release|Any CPU
	EndGlobalSection
	GlobalSection(ProjectConfigurationPlatforms) = postSolution
		{DDB612A9-FCFA-4A68-8A50-DFF338CA4121}.Debug|Any CPU.ActiveCfg = Debug|Any CPU
		{DDB612A9-FCFA-4A68-8A50-DFF338CA4121}.Debug|Any CPU.Build.0 = Debug|Any CPU
		{DDB612A9-FCFA-4A68-8A50-DFF338CA4121}.Release|Any CPU.ActiveCfg = Release|Any CPU
		{DDB612A9-FCFA-4A68-8A50-DFF338CA4121}.Release|Any CPU.Build.0 = Release|Any CPU
	EndGlobalSection
	GlobalSection(SolutionProperties) = preSolution
		HideSolutionNode = FALSE
	EndGlobalSection
	GlobalSection(ExtensibilityGlobals) = postSolution
		SolutionGuid = {78AEE034-FAD8-457D-BD07-8D5F3CBD2C60}
	EndGlobalSection
EndGlobal
